
Microsoft Visual Studio Solution File, Format Version 12.00
# Visual Studio Version 17
VisualStudioVersion = 17.14.36603.0 d17.14
MinimumVisualStudioVersion = 10.0.40219.1
Project("{FAE04EC0-301F-11D3-BF4B-00C04F79EFBC}") = "Day1_Activity4_Console", "Day1_Activity4_Console\Day1_Activity4_Console.csproj", "{139EC47F-3D1D-49F5-97C0-EBB907FF55CE}"
EndProject
Global
	GlobalSection(SolutionConfigurationPlatforms) = preSolution
		Debug|Any CPU = Debug|Any CPU
		Release|Any CPU = Release|Any CPU
	EndGlobalSection
	GlobalSection(ProjectConfigurationPlatforms) = postSolution
		{139EC47F-3D1D-49F5-97C0-EBB907FF55CE}.Debug|Any CPU.ActiveCfg = Debug|Any CPU
		{139EC47F-3D1D-49F5-97C0-EBB907FF55CE}.Debug|Any CPU.Build.0 = Debug|Any CPU
		{139EC47F-3D1D-49F5-97C0-EBB907FF55CE}.Release|Any CPU.ActiveCfg = Release|Any CPU
		{139EC47F-3D1D-49F5-97C0-EBB907FF55CE}.Release|Any CPU.Build.0 = Release|Any CPU
	EndGlobalSection
	GlobalSection(SolutionProperties) = preSolution
		HideSolutionNode = FALSE
	EndGlobalSection
	GlobalSection(ExtensibilityGlobals) = postSolution
		SolutionGuid = {2C673318-41FC-417C-ACF2-878C8DDD5B53}
	EndGlobalSection
EndGlobal
