
Microsoft Visual Studio Solution File, Format Version 12.00
# Visual Studio Version 17
VisualStudioVersion = 17.14.36511.14 d17.14
MinimumVisualStudioVersion = 10.0.40219.1
Project("{FAE04EC0-301F-11D3-BF4B-00C04F79EFBC}") = "Day3_Activity4_Console", "Day3_Activity4_Console\Day3_Activity4_Console.csproj", "{DAB15E5E-2A37-4BE1-B6E6-E8F62EFF92A0}"
EndProject
Global
	GlobalSection(SolutionConfigurationPlatforms) = preSolution
		Debug|Any CPU = Debug|Any CPU
		Release|Any CPU = Release|Any CPU
	EndGlobalSection
	GlobalSection(ProjectConfigurationPlatforms) = postSolution
		{DAB15E5E-2A37-4BE1-B6E6-E8F62EFF92A0}.Debug|Any CPU.ActiveCfg = Debug|Any CPU
		{DAB15E5E-2A37-4BE1-B6E6-E8F62EFF92A0}.Debug|Any CPU.Build.0 = Debug|Any CPU
		{DAB15E5E-2A37-4BE1-B6E6-E8F62EFF92A0}.Release|Any CPU.ActiveCfg = Release|Any CPU
		{DAB15E5E-2A37-4BE1-B6E6-E8F62EFF92A0}.Release|Any CPU.Build.0 = Release|Any CPU
	EndGlobalSection
	GlobalSection(SolutionProperties) = preSolution
		HideSolutionNode = FALSE
	EndGlobalSection
	GlobalSection(ExtensibilityGlobals) = postSolution
		SolutionGuid = {6935E162-9F50-4C96-8C5C-E0E29150B219}
	EndGlobalSection
EndGlobal
