
Microsoft Visual Studio Solution File, Format Version 12.00
# Visual Studio Version 17
VisualStudioVersion = 17.14.36511.14 d17.14
MinimumVisualStudioVersion = 10.0.40219.1
Project("{FAE04EC0-301F-11D3-BF4B-00C04F79EFBC}") = "Day3_Activity1_Console", "Day3_Activity1_Console\Day3_Activity1_Console.csproj", "{95EDB0C6-807A-4C9D-8F10-953D2DED813F}"
EndProject
Global
	GlobalSection(SolutionConfigurationPlatforms) = preSolution
		Debug|Any CPU = Debug|Any CPU
		Release|Any CPU = Release|Any CPU
	EndGlobalSection
	GlobalSection(ProjectConfigurationPlatforms) = postSolution
		{95EDB0C6-807A-4C9D-8F10-953D2DED813F}.Debug|Any CPU.ActiveCfg = Debug|Any CPU
		{95EDB0C6-807A-4C9D-8F10-953D2DED813F}.Debug|Any CPU.Build.0 = Debug|Any CPU
		{95EDB0C6-807A-4C9D-8F10-953D2DED813F}.Release|Any CPU.ActiveCfg = Release|Any CPU
		{95EDB0C6-807A-4C9D-8F10-953D2DED813F}.Release|Any CPU.Build.0 = Release|Any CPU
	EndGlobalSection
	GlobalSection(SolutionProperties) = preSolution
		HideSolutionNode = FALSE
	EndGlobalSection
	GlobalSection(ExtensibilityGlobals) = postSolution
		SolutionGuid = {D39C93FD-9237-4954-99EA-19EF1BB8C087}
	EndGlobalSection
EndGlobal
