
Microsoft Visual Studio Solution File, Format Version 12.00
# Visual Studio Version 17
VisualStudioVersion = 17.14.36511.14 d17.14
MinimumVisualStudioVersion = 10.0.40219.1
Project("{FAE04EC0-301F-11D3-BF4B-00C04F79EFBC}") = "Day3_Activity7_Console", "Day3_Activity7_Console\Day3_Activity7_Console.csproj", "{FE97E0E1-61CD-4B4C-AB7E-41B34D25196F}"
EndProject
Global
	GlobalSection(SolutionConfigurationPlatforms) = preSolution
		Debug|Any CPU = Debug|Any CPU
		Release|Any CPU = Release|Any CPU
	EndGlobalSection
	GlobalSection(ProjectConfigurationPlatforms) = postSolution
		{FE97E0E1-61CD-4B4C-AB7E-41B34D25196F}.Debug|Any CPU.ActiveCfg = Debug|Any CPU
		{FE97E0E1-61CD-4B4C-AB7E-41B34D25196F}.Debug|Any CPU.Build.0 = Debug|Any CPU
		{FE97E0E1-61CD-4B4C-AB7E-41B34D25196F}.Release|Any CPU.ActiveCfg = Release|Any CPU
		{FE97E0E1-61CD-4B4C-AB7E-41B34D25196F}.Release|Any CPU.Build.0 = Release|Any CPU
	EndGlobalSection
	GlobalSection(SolutionProperties) = preSolution
		HideSolutionNode = FALSE
	EndGlobalSection
	GlobalSection(ExtensibilityGlobals) = postSolution
		SolutionGuid = {7AB271BF-469C-4245-96D7-167C3C2987E6}
	EndGlobalSection
EndGlobal
