
Microsoft Visual Studio Solution File, Format Version 12.00
# Visual Studio Version 17
VisualStudioVersion = 17.14.36511.14 d17.14
MinimumVisualStudioVersion = 10.0.40219.1
Project("{FAE04EC0-301F-11D3-BF4B-00C04F79EFBC}") = "Day2_Activity1_Console", "Day2_Activity1_Console\Day2_Activity1_Console.csproj", "{EDB1AA10-A245-4665-82A8-CB2D00AE146C}"
EndProject
Global
	GlobalSection(SolutionConfigurationPlatforms) = preSolution
		Debug|Any CPU = Debug|Any CPU
		Release|Any CPU = Release|Any CPU
	EndGlobalSection
	GlobalSection(ProjectConfigurationPlatforms) = postSolution
		{EDB1AA10-A245-4665-82A8-CB2D00AE146C}.Debug|Any CPU.ActiveCfg = Debug|Any CPU
		{EDB1AA10-A245-4665-82A8-CB2D00AE146C}.Debug|Any CPU.Build.0 = Debug|Any CPU
		{EDB1AA10-A245-4665-82A8-CB2D00AE146C}.Release|Any CPU.ActiveCfg = Release|Any CPU
		{EDB1AA10-A245-4665-82A8-CB2D00AE146C}.Release|Any CPU.Build.0 = Release|Any CPU
	EndGlobalSection
	GlobalSection(SolutionProperties) = preSolution
		HideSolutionNode = FALSE
	EndGlobalSection
	GlobalSection(ExtensibilityGlobals) = postSolution
		SolutionGuid = {F59118EC-C659-42C9-B031-0AEE631402FB}
	EndGlobalSection
EndGlobal
